
Microsoft Visual Studio Solution File, Format Version 12.00
# Visual Studio 15
VisualStudioVersion = 15.0.33026.149
MinimumVisualStudioVersion = 10.0.40219.1
Project("{8BC9CEB8-8B4A-11D0-8D11-00A0C91BC942}") = "Subs4Vita", "Subs4Vita\Subs4Vita.vcxproj", "{6D428B36-EC40-438D-A19C-3DA6D70532DE}"
EndProject
Global
	GlobalSection(SolutionConfigurationPlatforms) = preSolution
		Debug|x64 = Debug|x64
		Debug|x86 = Debug|x86
		Release|x64 = Release|x64
		Release|x86 = Release|x86
	EndGlobalSection
	GlobalSection(ProjectConfigurationPlatforms) = postSolution
		{6D428B36-EC40-438D-A19C-3DA6D70532DE}.Debug|x64.ActiveCfg = Debug|x64
		{6D428B36-EC40-438D-A19C-3DA6D70532DE}.Debug|x64.Build.0 = Debug|x64
		{6D428B36-EC40-438D-A19C-3DA6D70532DE}.Debug|x86.ActiveCfg = Debug|Win32
		{6D428B36-EC40-438D-A19C-3DA6D70532DE}.Debug|x86.Build.0 = Debug|Win32
		{6D428B36-EC40-438D-A19C-3DA6D70532DE}.Release|x64.ActiveCfg = Release|x64
		{6D428B36-EC40-438D-A19C-3DA6D70532DE}.Release|x64.Build.0 = Release|x64
		{6D428B36-EC40-438D-A19C-3DA6D70532DE}.Release|x86.ActiveCfg = Release|Win32
		{6D428B36-EC40-438D-A19C-3DA6D70532DE}.Release|x86.Build.0 = Release|Win32
	EndGlobalSection
	GlobalSection(SolutionProperties) = preSolution
		HideSolutionNode = FALSE
	EndGlobalSection
	GlobalSection(ExtensibilityGlobals) = postSolution
		SolutionGuid = {9E904B01-F247-4E62-AD86-54073E350EAA}
	EndGlobalSection
EndGlobal
